PODS:
  - AsyncSwift (2.0.1)
  - AudioKit (3.5.3)
  - FLAnimatedImage (1.0.12)
  - SocketRocket (0.5.1)
  - Yaml (3.3.1)

DEPENDENCIES:
  - AsyncSwift (from `https://github.com/duemunk/Async.git`)
  - AudioKit
  - FLAnimatedImage (~> 1.0)
  - SocketRocket
  - Yaml

EXTERNAL SOURCES:
  AsyncSwift:
    :git: https://github.com/duemunk/Async.git

CHECKOUT OPTIONS:
  AsyncSwift:
    :commit: 818a10e932bf386a09fa2931c1bdbcc8b972b00c
    :git: https://github.com/duemunk/Async.git

SPEC CHECKSUMS:
  AsyncSwift: 2d4d6551827ccd774c525d6c16c0deea94ac5f44
  AudioKit: bf2ebc611bb9b8107dcbe14f8356c761ee8fcc12
  FLAnimatedImage: 4a0b56255d9b05f18b6dd7ee06871be5d3b89e31
  SocketRocket: d57c7159b83c3c6655745cd15302aa24b6bae531
  Yaml: 18b2cf7301c4132e2bbb508a6921d2637ed3046c

PODFILE CHECKSUM: 227e611a3b63c8572800dee10a0db7ecdc09a44c

COCOAPODS: 1.1.1
